{
  "name": "zhangyi-kpxrmyy-wax",
  "version": "1.0.0",
  "lockfileVersion": 1,
  "requires": true,
  "dependencies": {
    "@vant/weapp": {
      "version": "1.11.6",
      "resolved": "https://registry.npmjs.org/@vant/weapp/-/weapp-1.11.6.tgz",
      "integrity": "sha512-a3heReWYT2gNdsyj6x1hBwsM8V8NrjcPAmle86NH2CD2V/i/h0le75piW6KntSfOPCwekVWMBKhysNrBpJeKdw=="
    },
    "jsbn": {
      "version": "1.1.0",
      "resolved": "https://registry.npmjs.org/jsbn/-/jsbn-1.1.0.tgz",
      "integrity": "sha512-4bYVV3aAMtDTTu4+xsDYa6sy9GyJ69/amsu9sYF2zqjiEoZA5xJi3BrfX3uY+/IekIu7MwdObdbDWpoZdBv3/A=="
    },
    "miniprogram-sm-crypto": {
      "version": "0.3.13",
      "resolved": "https://registry.npmjs.org/miniprogram-sm-crypto/-/miniprogram-sm-crypto-0.3.13.tgz",
      "integrity": "sha512-H7qwbCEmIXZzekCSgEWeHh1mb4cnz0E42YH3U5xqpOaJBB2Sj9ySq0hTGv0f+Jwo5SknABR6fw+EtjnMyJ/O/Q==",
      "requires": {
        "jsbn": "^1.1.0"
      }
    },
    "wxbarcode": {
      "version": "1.0.2",
      "resolved": "https://registry.npmjs.org/wxbarcode/-/wxbarcode-1.0.2.tgz",
      "integrity": "sha512-QFNva4OKNn6M3fYXLg+W+JI2FqdNeK69sSgLmxc36OPcrsDiR04If8SqGC4a6xMFHby0iiOFjIF8vsrtbXkRGA=="
    }
  }
}
